
Microsoft Visual Studio Solution File, Format Version 12.00
# Visual Studio Version 16
VisualStudioVersion = 16.0.30517.126
MinimumVisualStudioVersion = 10.0.40219.1
Project("{8BC9CEB8-8B4A-11D0-8D11-00A0C91BC942}") = "AVL_Tree_Demo", "AVL_Tree_Demo\AVL_Tree_Demo.vcxproj", "{353A14F4-8A86-4C75-AA35-E48A383EFADA}"
EndProject
Global
	GlobalSection(SolutionConfigurationPlatforms) = preSolution
		Debug|x64 = Debug|x64
		Debug|x86 = Debug|x86
		Release|x64 = Release|x64
		Release|x86 = Release|x86
	EndGlobalSection
	GlobalSection(ProjectConfigurationPlatforms) = postSolution
		{353A14F4-8A86-4C75-AA35-E48A383EFADA}.Debug|x64.ActiveCfg = Debug|x64
		{353A14F4-8A86-4C75-AA35-E48A383EFADA}.Debug|x64.Build.0 = Debug|x64
		{353A14F4-8A86-4C75-AA35-E48A383EFADA}.Debug|x86.ActiveCfg = Debug|Win32
		{353A14F4-8A86-4C75-AA35-E48A383EFADA}.Debug|x86.Build.0 = Debug|Win32
		{353A14F4-8A86-4C75-AA35-E48A383EFADA}.Release|x64.ActiveCfg = Release|x64
		{353A14F4-8A86-4C75-AA35-E48A383EFADA}.Release|x64.Build.0 = Release|x64
		{353A14F4-8A86-4C75-AA35-E48A383EFADA}.Release|x86.ActiveCfg = Release|Win32
		{353A14F4-8A86-4C75-AA35-E48A383EFADA}.Release|x86.Build.0 = Release|Win32
	EndGlobalSection
	GlobalSection(SolutionProperties) = preSolution
		HideSolutionNode = FALSE
	EndGlobalSection
	GlobalSection(ExtensibilityGlobals) = postSolution
		SolutionGuid = {B5136326-ECD9-487A-B0BA-7F4B48FF19AF}
	EndGlobalSection
EndGlobal
